
Microsoft Visual Studio Solution File, Format Version 12.00
# Visual Studio Version 16
VisualStudioVersion = 16.0.29613.14
MinimumVisualStudioVersion = 10.0.40219.1
Project("{9A19103F-16F7-4668-BE54-9A1E7A4F7556}") = "ISFG.SpisUm", "ISFG.SpisUm\ISFG.SpisUm.csproj", "{C0D04E0C-C499-45DE-8F64-0813EE4969CF}"
EndProject
Project("{E53339B2-1760-4266-BCC7-CA923CBCF16C}") = "docker-compose", "docker-compose.dcproj", "{855B553E-0EFA-4A67-AC5B-6C66A288714B}"
EndProject
Project("{2150E333-8FDC-42A3-9474-1A3956D46DE8}") = "Apps", "Apps", "{60366FA4-2AF5-4A40-9819-C29F1797231D}"
EndProject
Project("{2150E333-8FDC-42A3-9474-1A3956D46DE8}") = "Shared", "Shared", "{79C06FBB-7B10-4BB9-BB04-307112121FAF}"
EndProject
Project("{9A19103F-16F7-4668-BE54-9A1E7A4F7556}") = "ISFG.Common", "ISFG.Common\ISFG.Common.csproj", "{BBE8E214-F18F-4260-A82A-747D7B1A99C9}"
EndProject
Project("{2150E333-8FDC-42A3-9474-1A3956D46DE8}") = "UnitTests", "UnitTests", "{C33B486B-9D80-4269-A72F-12D0D247DB40}"
EndProject
Project("{9A19103F-16F7-4668-BE54-9A1E7A4F7556}") = "ISFG.Alfresco.Api", "ISFG.Alfresco.Api\ISFG.Alfresco.Api.csproj", "{12F9D6D9-0ED6-486D-ABD5-54D18D5CBDA6}"
EndProject
Project("{2150E333-8FDC-42A3-9474-1A3956D46DE8}") = "SpisUm", "SpisUm", "{BA91954B-A78C-4ACE-B573-D8A767376656}"
EndProject
Project("{9A19103F-16F7-4668-BE54-9A1E7A4F7556}") = "ISFG.SpisUm.ClientSide", "ISFG.SpisUm.ClientSide\ISFG.SpisUm.ClientSide.csproj", "{4FC3887C-368E-4559-B4EA-EAAA347F75AC}"
EndProject
Project("{9A19103F-16F7-4668-BE54-9A1E7A4F7556}") = "ISFG.SpisUm.Jobs", "ISFG.SpisUm.Jobs\ISFG.SpisUm.Jobs.csproj", "{FF514654-05FD-4246-8D8B-184985862041}"
EndProject
Project("{9A19103F-16F7-4668-BE54-9A1E7A4F7556}") = "ISFG.Exceptions", "ISFG.Exceptions\ISFG.Exceptions.csproj", "{473CB48E-9F59-425B-A29F-C5163F85FFF9}"
EndProject
Project("{9A19103F-16F7-4668-BE54-9A1E7A4F7556}") = "ISFG.Emails", "ISFG.Emails\ISFG.Emails.csproj", "{4676A5B6-75F4-4A13-96EE-79E97AF32581}"
EndProject
Project("{2150E333-8FDC-42A3-9474-1A3956D46DE8}") = "Connectors", "Connectors", "{1D20A85A-3E9B-4744-872D-688513725BF4}"
EndProject
Project("{9A19103F-16F7-4668-BE54-9A1E7A4F7556}") = "ISFG.DataBox.Api", "ISFG.Databox.Api\ISFG.DataBox.Api.csproj", "{61C636C2-DB3D-436C-B10E-7DEBBC348908}"
EndProject
Project("{9A19103F-16F7-4668-BE54-9A1E7A4F7556}") = "ISFG.Email.Api", "ISFG.Email.Api\ISFG.Email.Api.csproj", "{0CF7CA01-7D07-4AE7-8CAF-D798F62C778E}"
EndProject
Project("{9A19103F-16F7-4668-BE54-9A1E7A4F7556}") = "ISFG.Data", "ISFG.Data\ISFG.Data.csproj", "{67450DF2-76BF-47CE-8E93-7C74A5710B14}"
EndProject
Project("{9A19103F-16F7-4668-BE54-9A1E7A4F7556}") = "ISFG.Alfresco.Api.UnitTest", "ISFG.Alfresco.Api.UnitTest\ISFG.Alfresco.Api.UnitTest.csproj", "{015B0F6B-95C1-4D41-A420-8A3478F478B8}"
EndProject
Project("{9A19103F-16F7-4668-BE54-9A1E7A4F7556}") = "ISFG.Signer.Client", "ISFG.Signer.Client\ISFG.Signer.Client.csproj", "{674703CE-E3C4-4528-925A-3FFA9B3EEE36}"
EndProject
Project("{9A19103F-16F7-4668-BE54-9A1E7A4F7556}") = "ISFG.Pdf", "ISFG.Pdf\ISFG.Pdf.csproj", "{063603FD-6AD8-4552-B02C-2E26ABF5041C}"
EndProject
Project("{9A19103F-16F7-4668-BE54-9A1E7A4F7556}") = "ISFG.Translations", "ISFG.Translations\ISFG.Translations.csproj", "{39C9E8AC-CCD8-4B09-981B-07B84D50B04E}"
EndProject
Global
	GlobalSection(SolutionConfigurationPlatforms) = preSolution
		Debug|Any CPU = Debug|Any CPU
		Release|Any CPU = Release|Any CPU
	EndGlobalSection
	GlobalSection(ProjectConfigurationPlatforms) = postSolution
		{C0D04E0C-C499-45DE-8F64-0813EE4969CF}.Debug|Any CPU.ActiveCfg = Debug|Any CPU
		{C0D04E0C-C499-45DE-8F64-0813EE4969CF}.Debug|Any CPU.Build.0 = Debug|Any CPU
		{C0D04E0C-C499-45DE-8F64-0813EE4969CF}.Release|Any CPU.ActiveCfg = Release|Any CPU
		{C0D04E0C-C499-45DE-8F64-0813EE4969CF}.Release|Any CPU.Build.0 = Release|Any CPU
		{855B553E-0EFA-4A67-AC5B-6C66A288714B}.Debug|Any CPU.ActiveCfg = Debug|Any CPU
		{855B553E-0EFA-4A67-AC5B-6C66A288714B}.Debug|Any CPU.Build.0 = Debug|Any CPU
		{855B553E-0EFA-4A67-AC5B-6C66A288714B}.Release|Any CPU.ActiveCfg = Release|Any CPU
		{855B553E-0EFA-4A67-AC5B-6C66A288714B}.Release|Any CPU.Build.0 = Release|Any CPU
		{BBE8E214-F18F-4260-A82A-747D7B1A99C9}.Debug|Any CPU.ActiveCfg = Debug|Any CPU
		{BBE8E214-F18F-4260-A82A-747D7B1A99C9}.Debug|Any CPU.Build.0 = Debug|Any CPU
		{BBE8E214-F18F-4260-A82A-747D7B1A99C9}.Release|Any CPU.ActiveCfg = Release|Any CPU
		{BBE8E214-F18F-4260-A82A-747D7B1A99C9}.Release|Any CPU.Build.0 = Release|Any CPU
		{12F9D6D9-0ED6-486D-ABD5-54D18D5CBDA6}.Debug|Any CPU.ActiveCfg = Debug|Any CPU
		{12F9D6D9-0ED6-486D-ABD5-54D18D5CBDA6}.Debug|Any CPU.Build.0 = Debug|Any CPU
		{12F9D6D9-0ED6-486D-ABD5-54D18D5CBDA6}.Release|Any CPU.ActiveCfg = Release|Any CPU
		{12F9D6D9-0ED6-486D-ABD5-54D18D5CBDA6}.Release|Any CPU.Build.0 = Release|Any CPU
		{4FC3887C-368E-4559-B4EA-EAAA347F75AC}.Debug|Any CPU.ActiveCfg = Debug|Any CPU
		{4FC3887C-368E-4559-B4EA-EAAA347F75AC}.Debug|Any CPU.Build.0 = Debug|Any CPU
		{4FC3887C-368E-4559-B4EA-EAAA347F75AC}.Release|Any CPU.ActiveCfg = Release|Any CPU
		{4FC3887C-368E-4559-B4EA-EAAA347F75AC}.Release|Any CPU.Build.0 = Release|Any CPU
		{FF514654-05FD-4246-8D8B-184985862041}.Debug|Any CPU.ActiveCfg = Debug|Any CPU
		{FF514654-05FD-4246-8D8B-184985862041}.Debug|Any CPU.Build.0 = Debug|Any CPU
		{FF514654-05FD-4246-8D8B-184985862041}.Release|Any CPU.ActiveCfg = Release|Any CPU
		{FF514654-05FD-4246-8D8B-184985862041}.Release|Any CPU.Build.0 = Release|Any CPU
		{473CB48E-9F59-425B-A29F-C5163F85FFF9}.Debug|Any CPU.ActiveCfg = Debug|Any CPU
		{473CB48E-9F59-425B-A29F-C5163F85FFF9}.Debug|Any CPU.Build.0 = Debug|Any CPU
		{473CB48E-9F59-425B-A29F-C5163F85FFF9}.Release|Any CPU.ActiveCfg = Release|Any CPU
		{473CB48E-9F59-425B-A29F-C5163F85FFF9}.Release|Any CPU.Build.0 = Release|Any CPU
		{4676A5B6-75F4-4A13-96EE-79E97AF32581}.Debug|Any CPU.ActiveCfg = Debug|Any CPU
		{4676A5B6-75F4-4A13-96EE-79E97AF32581}.Debug|Any CPU.Build.0 = Debug|Any CPU
		{4676A5B6-75F4-4A13-96EE-79E97AF32581}.Release|Any CPU.ActiveCfg = Release|Any CPU
		{4676A5B6-75F4-4A13-96EE-79E97AF32581}.Release|Any CPU.Build.0 = Release|Any CPU
		{61C636C2-DB3D-436C-B10E-7DEBBC348908}.Debug|Any CPU.ActiveCfg = Debug|Any CPU
		{61C636C2-DB3D-436C-B10E-7DEBBC348908}.Debug|Any CPU.Build.0 = Debug|Any CPU
		{61C636C2-DB3D-436C-B10E-7DEBBC348908}.Release|Any CPU.ActiveCfg = Release|Any CPU
		{61C636C2-DB3D-436C-B10E-7DEBBC348908}.Release|Any CPU.Build.0 = Release|Any CPU
		{0CF7CA01-7D07-4AE7-8CAF-D798F62C778E}.Debug|Any CPU.ActiveCfg = Debug|Any CPU
		{0CF7CA01-7D07-4AE7-8CAF-D798F62C778E}.Debug|Any CPU.Build.0 = Debug|Any CPU
		{0CF7CA01-7D07-4AE7-8CAF-D798F62C778E}.Release|Any CPU.ActiveCfg = Release|Any CPU
		{0CF7CA01-7D07-4AE7-8CAF-D798F62C778E}.Release|Any CPU.Build.0 = Release|Any CPU
		{67450DF2-76BF-47CE-8E93-7C74A5710B14}.Debug|Any CPU.ActiveCfg = Debug|Any CPU
		{67450DF2-76BF-47CE-8E93-7C74A5710B14}.Debug|Any CPU.Build.0 = Debug|Any CPU
		{67450DF2-76BF-47CE-8E93-7C74A5710B14}.Release|Any CPU.ActiveCfg = Release|Any CPU
		{67450DF2-76BF-47CE-8E93-7C74A5710B14}.Release|Any CPU.Build.0 = Release|Any CPU
		{015B0F6B-95C1-4D41-A420-8A3478F478B8}.Debug|Any CPU.ActiveCfg = Debug|Any CPU
		{015B0F6B-95C1-4D41-A420-8A3478F478B8}.Debug|Any CPU.Build.0 = Debug|Any CPU
		{015B0F6B-95C1-4D41-A420-8A3478F478B8}.Release|Any CPU.ActiveCfg = Release|Any CPU
		{015B0F6B-95C1-4D41-A420-8A3478F478B8}.Release|Any CPU.Build.0 = Release|Any CPU
		{674703CE-E3C4-4528-925A-3FFA9B3EEE36}.Debug|Any CPU.ActiveCfg = Debug|Any CPU
		{674703CE-E3C4-4528-925A-3FFA9B3EEE36}.Debug|Any CPU.Build.0 = Debug|Any CPU
		{674703CE-E3C4-4528-925A-3FFA9B3EEE36}.Release|Any CPU.ActiveCfg = Release|Any CPU
		{674703CE-E3C4-4528-925A-3FFA9B3EEE36}.Release|Any CPU.Build.0 = Release|Any CPU
		{063603FD-6AD8-4552-B02C-2E26ABF5041C}.Debug|Any CPU.ActiveCfg = Debug|Any CPU
		{063603FD-6AD8-4552-B02C-2E26ABF5041C}.Debug|Any CPU.Build.0 = Debug|Any CPU
		{063603FD-6AD8-4552-B02C-2E26ABF5041C}.Release|Any CPU.ActiveCfg = Release|Any CPU
		{063603FD-6AD8-4552-B02C-2E26ABF5041C}.Release|Any CPU.Build.0 = Release|Any CPU
		{39C9E8AC-CCD8-4B09-981B-07B84D50B04E}.Debug|Any CPU.ActiveCfg = Debug|Any CPU
		{39C9E8AC-CCD8-4B09-981B-07B84D50B04E}.Debug|Any CPU.Build.0 = Debug|Any CPU
		{39C9E8AC-CCD8-4B09-981B-07B84D50B04E}.Release|Any CPU.ActiveCfg = Release|Any CPU
		{39C9E8AC-CCD8-4B09-981B-07B84D50B04E}.Release|Any CPU.Build.0 = Release|Any CPU
	EndGlobalSection
	GlobalSection(SolutionProperties) = preSolution
		HideSolutionNode = FALSE
	EndGlobalSection
	GlobalSection(NestedProjects) = preSolution
		{C0D04E0C-C499-45DE-8F64-0813EE4969CF} = {60366FA4-2AF5-4A40-9819-C29F1797231D}
		{BBE8E214-F18F-4260-A82A-747D7B1A99C9} = {79C06FBB-7B10-4BB9-BB04-307112121FAF}
		{12F9D6D9-0ED6-486D-ABD5-54D18D5CBDA6} = {1D20A85A-3E9B-4744-872D-688513725BF4}
		{4FC3887C-368E-4559-B4EA-EAAA347F75AC} = {BA91954B-A78C-4ACE-B573-D8A767376656}
		{FF514654-05FD-4246-8D8B-184985862041} = {60366FA4-2AF5-4A40-9819-C29F1797231D}
		{473CB48E-9F59-425B-A29F-C5163F85FFF9} = {79C06FBB-7B10-4BB9-BB04-307112121FAF}
		{4676A5B6-75F4-4A13-96EE-79E97AF32581} = {79C06FBB-7B10-4BB9-BB04-307112121FAF}
		{1D20A85A-3E9B-4744-872D-688513725BF4} = {BA91954B-A78C-4ACE-B573-D8A767376656}
		{61C636C2-DB3D-436C-B10E-7DEBBC348908} = {1D20A85A-3E9B-4744-872D-688513725BF4}
		{0CF7CA01-7D07-4AE7-8CAF-D798F62C778E} = {1D20A85A-3E9B-4744-872D-688513725BF4}
		{67450DF2-76BF-47CE-8E93-7C74A5710B14} = {1D20A85A-3E9B-4744-872D-688513725BF4}
		{015B0F6B-95C1-4D41-A420-8A3478F478B8} = {C33B486B-9D80-4269-A72F-12D0D247DB40}
		{674703CE-E3C4-4528-925A-3FFA9B3EEE36} = {1D20A85A-3E9B-4744-872D-688513725BF4}
		{063603FD-6AD8-4552-B02C-2E26ABF5041C} = {BA91954B-A78C-4ACE-B573-D8A767376656}
		{39C9E8AC-CCD8-4B09-981B-07B84D50B04E} = {BA91954B-A78C-4ACE-B573-D8A767376656}
	EndGlobalSection
	GlobalSection(ExtensibilityGlobals) = postSolution
		SolutionGuid = {9970A78D-E0F6-43C7-9998-849EB3BE9716}
	EndGlobalSection
EndGlobal
